github.com/caarlos0/env/v11 v11.4.0 h1:Kcb6t5kIIr4XkoQC9AF2j+8E1Jsrl3Wz/hhm1LtoGAc=
github.com/caarlos0/env/v11 v11.4.0/go.mod h1:qupehSf/Y0TUTsxKywqRt/vJjN5nz6vauiYEUUr8P4U=
github.com/google/go-cmp v0.7.0 h1:wk8382ETsv4JYUZwIsn6YpYiWiBsYLSJiTsyBybVuN8=
github.com/google/go-cmp v0.7.0/go.mod h1:pXiqmnSA92OHEEa9HXL2W4E7lf9JzCmGVUdgjX3N/iU=
github.com/google/wire v0.7.0 h1:JxUKI6+CVBgCO2WToKy/nQk0sS+amI9z9EjVmdaocj4=
github.com/google/wire v0.7.0/go.mod h1:n6YbUQD9cPKTnHXEBN2DXlOp/mVADhVErcMFb0v3J18=
github.com/joho/godotenv v1.5.1 h1:7eLL/+HRGLY0ldzfGMeQkb7vMd0as4CfYvUVzLqw0N0=
github.com/joho/godotenv v1.5.1/go.mod h1:f4LDr5Voq0i2e/R5DDNOoa2zzDfwtkZa6DnEwAbqwq4=
github.com/onsi/gomega v1.38.3 h1:eTX+W6dobAYfFeGC2PV6RwXRu/MyT+cQguijutvkpSM=
github.com/onsi/gomega v1.38.3/go.mod h1:ZCU1pkQcXDO5Sl9/VVEGlDyp+zm0m1cmeG5TOzLgdh4=
github.com/valkey-io/valkey-go v1.0.72 h1:iRWt1hJyOchcEgbHSkRY3aKkcBudxvMaVMsmxuYxuxE=
github.com/valkey-io/valkey-go v1.0.72/go.mod h1:VGhZ6fs68Qrn2+OhH+6waZH27bjpgQOiLyUQyXuYK5k=
go.yaml.in/yaml/v3 v3.0.4 h1:tfq32ie2Jv2UxXFdLJdh3jXuOzWiL1fo0bu/FbuKpbc=
go.yaml.in/yaml/v3 v3.0.4/go.mod h1:DhzuOOF2ATzADvBadXxruRBLzYTpT36CKvDb3+aBEFg=
golang.org/x/net v0.48.0 h1:zyQRTTrjc33Lhh0fBgT/H3oZq9WuvRR5gPC70xpDiQU=
golang.org/x/net v0.48.0/go.mod h1:+ndRgGjkh8FGtu1w1FGbEC31if4VrNVMuKTgcAAnQRY=
golang.org/x/sys v0.42.0 h1:omrd2nAlyT5ESRdCLYdm3+fMfNFE/+Rf4bDIQImRJeo=
golang.org/x/sys v0.42.0/go.mod h1:4GL1E5IUh+htKOUEOaiffhrAeqysfVGipDYzABqnCmw=
golang.org/x/text v0.32.0 h1:ZD01bjUt1FQ9WJ0ClOL5vxgxOI/sVCNgX1YtKwcY0mU=
golang.org/x/text v0.32.0/go.mod h1:o/rUWzghvpD5TXrTIBuJU77MTaN0ljMWE47kxGJQ7jY=
